// !$*UTF8*$!
{
	archiveVersion = 1;
	classes = {
	};
	objectVersion = 77;
	objects = {

/* Begin PBXBuildFile section */
		59D03CF42ECC9C4200E40022 /* elf_parser.cpp in Sources */ = {isa = PBXBuildFile; fileRef = 59D03CF22ECC9C4200E40022 /* elf_parser.cpp */; };
		59D03CF52ECC9C4200E40022 /* main.cpp in Sources */ = {isa = PBXBuildFile; fileRef = 59D03CEF2ECC9C4200E40022 /* main.cpp */; };
		59D03CF62ECC9C4200E40022 /* xtensa_arch.cpp in Sources */ = {isa = PBXBuildFile; fileRef = 59D03CEB2ECC9C4200E40022 /* xtensa_arch.cpp */; };
/* End PBXBuildFile section */

/* Begin PBXCopyFilesBuildPhase section */
		59D03C712ECC1F7A00E40022 /* CopyFiles */ = {
			isa = PBXCopyFilesBuildPhase;
			buildActionMask = 2147483647;
			dstPath = /usr/share/man/man1/;
			dstSubfolderSpec = 0;
			files = (
			);
			runOnlyForDeploymentPostprocessing = 1;
		};
/* End PBXCopyFilesBuildPhase section */

/* Begin PBXFileReference section */
		59D03C732ECC1F7A00E40022 /* elf_parser */ = {isa = PBXFileReference; explicitFileType = "compiled.mach-o.executable"; includeInIndex = 0; path = elf_parser; sourceTree = BUILT_PRODUCTS_DIR; };
		59D03CEA2ECC9C4200E40022 /* xtensa_arch.h */ = {isa = PBXFileReference; lastKnownFileType = sourcecode.c.h; path = xtensa_arch.h; sourceTree = "<group>"; };
		59D03CEB2ECC9C4200E40022 /* xtensa_arch.cpp */ = {isa = PBXFileReference; lastKnownFileType = sourcecode.cpp.cpp; path = xtensa_arch.cpp; sourceTree = "<group>"; };
		59D03CED2ECC9C4200E40022 /* utility.h */ = {isa = PBXFileReference; lastKnownFileType = sourcecode.c.h; path = utility.h; sourceTree = "<group>"; };
		59D03CEF2ECC9C4200E40022 /* main.cpp */ = {isa = PBXFileReference; lastKnownFileType = sourcecode.cpp.cpp; path = main.cpp; sourceTree = "<group>"; };
		59D03CF12ECC9C4200E40022 /* elf_parser.h */ = {isa = PBXFileReference; lastKnownFileType = sourcecode.c.h; path = elf_parser.h; sourceTree = "<group>"; };
		59D03CF22ECC9C4200E40022 /* elf_parser.cpp */ = {isa = PBXFileReference; lastKnownFileType = sourcecode.cpp.cpp; path = elf_parser.cpp; sourceTree = "<group>"; };
/* End PBXFileReference section */

/* Begin PBXFrameworksBuildPhase section */
		59D03C702ECC1F7A00E40022 /* Frameworks */ = {
			isa = PBXFrameworksBuildPhase;
			buildActionMask = 2147483647;
			files = (
			);
			runOnlyForDeploymentPostprocessing = 0;
		};
/* End PBXFrameworksBuildPhase section */

/* Begin PBXGroup section */
		59D03C6A2ECC1F7A00E40022 = {
			isa = PBXGroup;
			children = (
				59D03C742ECC1F7A00E40022 /* Products */,
				59D03CF32ECC9C4200E40022 /* source */,
			);
			sourceTree = "<group>";
		};
		59D03C742ECC1F7A00E40022 /* Products */ = {
			isa = PBXGroup;
			children = (
				59D03C732ECC1F7A00E40022 /* elf_parser */,
			);
			name = Products;
			sourceTree = "<group>";
		};
		59D03CEC2ECC9C4200E40022 /* xtensa */ = {
			isa = PBXGroup;
			children = (
				59D03CEA2ECC9C4200E40022 /* xtensa_arch.h */,
				59D03CEB2ECC9C4200E40022 /* xtensa_arch.cpp */,
			);
			path = xtensa;
			sourceTree = "<group>";
		};
		59D03CEE2ECC9C4200E40022 /* arch */ = {
			isa = PBXGroup;
			children = (
				59D03CEC2ECC9C4200E40022 /* xtensa */,
				59D03CED2ECC9C4200E40022 /* utility.h */,
			);
			path = arch;
			sourceTree = "<group>";
		};
		59D03CF02ECC9C4200E40022 /* sample */ = {
			isa = PBXGroup;
			children = (
				59D03CEF2ECC9C4200E40022 /* main.cpp */,
			);
			path = sample;
			sourceTree = "<group>";
		};
		59D03CF32ECC9C4200E40022 /* source */ = {
			isa = PBXGroup;
			children = (
				59D03CEE2ECC9C4200E40022 /* arch */,
				59D03CF02ECC9C4200E40022 /* sample */,
				59D03CF12ECC9C4200E40022 /* elf_parser.h */,
				59D03CF22ECC9C4200E40022 /* elf_parser.cpp */,
			);
			name = source;
			path = /Users/qinmingyan/Desktop/med/elf_parser/source;
			sourceTree = "<absolute>";
		};
/* End PBXGroup section */

/* Begin PBXNativeTarget section */
		59D03C722ECC1F7A00E40022 /* elf_parser */ = {
			isa = PBXNativeTarget;
			buildConfigurationList = 59D03C7A2ECC1F7A00E40022 /* Build configuration list for PBXNativeTarget "elf_parser" */;
			buildPhases = (
				59D03C6F2ECC1F7A00E40022 /* Sources */,
				59D03C702ECC1F7A00E40022 /* Frameworks */,
				59D03C712ECC1F7A00E40022 /* CopyFiles */,
			);
			buildRules = (
			);
			dependencies = (
			);
			name = elf_parser;
			packageProductDependencies = (
			);
			productName = elf_parser;
			productReference = 59D03C732ECC1F7A00E40022 /* elf_parser */;
			productType = "com.apple.product-type.tool";
		};
/* End PBXNativeTarget section */

/* Begin PBXProject section */
		59D03C6B2ECC1F7A00E40022 /* Project object */ = {
			isa = PBXProject;
			attributes = {
				BuildIndependentTargetsInParallel = 1;
				LastUpgradeCheck = 1640;
				TargetAttributes = {
					59D03C722ECC1F7A00E40022 = {
						CreatedOnToolsVersion = 16.4;
					};
				};
			};
			buildConfigurationList = 59D03C6E2ECC1F7A00E40022 /* Build configuration list for PBXProject "elf_parser" */;
			developmentRegion = en;
			hasScannedForEncodings = 0;
			knownRegions = (
				en,
				Base,
			);
			mainGroup = 59D03C6A2ECC1F7A00E40022;
			minimizedProjectReferenceProxies = 1;
			preferredProjectObjectVersion = 77;
			productRefGroup = 59D03C742ECC1F7A00E40022 /* Products */;
			projectDirPath = "";
			projectRoot = "";
			targets = (
				59D03C722ECC1F7A00E40022 /* elf_parser */,
			);
		};
/* End PBXProject section */

/* Begin PBXSourcesBuildPhase section */
		59D03C6F2ECC1F7A00E40022 /* Sources */ = {
			isa = PBXSourcesBuildPhase;
			buildActionMask = 2147483647;
			files = (
				59D03CF42ECC9C4200E40022 /* elf_parser.cpp in Sources */,
				59D03CF52ECC9C4200E40022 /* main.cpp in Sources */,
				59D03CF62ECC9C4200E40022 /* xtensa_arch.cpp in Sources */,
			);
			runOnlyForDeploymentPostprocessing = 0;
		};
/* End PBXSourcesBuildPhase section */

/* Begin XCBuildConfiguration section */
		59D03C782ECC1F7A00E40022 /* Debug */ = {
			isa = XCBuildConfiguration;
			buildSettings = {
				ALWAYS_SEARCH_USER_PATHS = NO;
				ASSETCATALOG_COMPILER_GENERATE_SWIFT_ASSET_SYMBOL_EXTENSIONS = YES;
				CLANG_ANALYZER_NONNULL = YES;
				CLANG_ANALYZER_NUMBER_OBJECT_CONVERSION = YES_AGGRESSIVE;
				CLANG_CXX_LANGUAGE_STANDARD = "gnu++20";
				CLANG_ENABLE_MODULES = YES;
				CLANG_ENABLE_OBJC_ARC = YES;
				CLANG_ENABLE_OBJC_WEAK = YES;
				CLANG_WARN_BLOCK_CAPTURE_AUTORELEASING = YES;
				CLANG_WARN_BOOL_CONVERSION = YES;
				CLANG_WARN_COMMA = YES;
				CLANG_WARN_CONSTANT_CONVERSION = YES;
				CLANG_WARN_DEPRECATED_OBJC_IMPLEMENTATIONS = YES;
				CLANG_WARN_DIRECT_OBJC_ISA_USAGE = YES_ERROR;
				CLANG_WARN_DOCUMENTATION_COMMENTS = YES;
				CLANG_WARN_EMPTY_BODY = YES;
				CLANG_WARN_ENUM_CONVERSION = YES;
				CLANG_WARN_INFINITE_RECURSION = YES;
				CLANG_WARN_INT_CONVERSION = YES;
				CLANG_WARN_NON_LITERAL_NULL_CONVERSION = YES;
				CLANG_WARN_OBJC_IMPLICIT_RETAIN_SELF = YES;
				CLANG_WARN_OBJC_LITERAL_CONVERSION = YES;
				CLANG_WARN_OBJC_ROOT_CLASS = YES_ERROR;
				CLANG_WARN_QUOTED_INCLUDE_IN_FRAMEWORK_HEADER = YES;
				CLANG_WARN_RANGE_LOOP_ANALYSIS = YES;
				CLANG_WARN_STRICT_PROTOTYPES = YES;
				CLANG_WARN_SUSPICIOUS_MOVE = YES;
				CLANG_WARN_UNGUARDED_AVAILABILITY = YES_AGGRESSIVE;
				CLANG_WARN_UNREACHABLE_CODE = YES;
				CLANG_WARN__DUPLICATE_METHOD_MATCH = YES;
				COPY_PHASE_STRIP = NO;
				DEBUG_INFORMATION_FORMAT = dwarf;
				ENABLE_STRICT_OBJC_MSGSEND = YES;
				ENABLE_TESTABILITY = YES;
				ENABLE_USER_SCRIPT_SANDBOXING = YES;
				GCC_C_LANGUAGE_STANDARD = gnu17;
				GCC_DYNAMIC_NO_PIC = NO;
				GCC_NO_COMMON_BLOCKS = YES;
				GCC_OPTIMIZATION_LEVEL = 0;
				GCC_PREPROCESSOR_DEFINITIONS = (
					"DEBUG=1",
					"$(inherited)",
				);
				GCC_WARN_64_TO_32_BIT_CONVERSION = YES;
				GCC_WARN_ABOUT_RETURN_TYPE = YES_ERROR;
				GCC_WARN_UNDECLARED_SELECTOR = YES;
				GCC_WARN_UNINITIALIZED_AUTOS = YES_AGGRESSIVE;
				GCC_WARN_UNUSED_FUNCTION = YES;
				GCC_WARN_UNUSED_VARIABLE = YES;
				LOCALIZATION_PREFERS_STRING_CATALOGS = YES;
				MACOSX_DEPLOYMENT_TARGET = 15.5;
				MTL_ENABLE_DEBUG_INFO = INCLUDE_SOURCE;
				MTL_FAST_MATH = YES;
				ONLY_ACTIVE_ARCH = YES;
				SDKROOT = macosx;
			};
			name = Debug;
		};
		59D03C792ECC1F7A00E40022 /* Release */ = {
			isa = XCBuildConfiguration;
			buildSettings = {
				ALWAYS_SEARCH_USER_PATHS = NO;
				ASSETCATALOG_COMPILER_GENERATE_SWIFT_ASSET_SYMBOL_EXTENSIONS = YES;
				CLANG_ANALYZER_NONNULL = YES;
				CLANG_ANALYZER_NUMBER_OBJECT_CONVERSION = YES_AGGRESSIVE;
				CLANG_CXX_LANGUAGE_STANDARD = "gnu++20";
				CLANG_ENABLE_MODULES = YES;
				CLANG_ENABLE_OBJC_ARC = YES;
				CLANG_ENABLE_OBJC_WEAK = YES;
				CLANG_WARN_BLOCK_CAPTURE_AUTORELEASING = YES;
				CLANG_WARN_BOOL_CONVERSION = YES;
				CLANG_WARN_COMMA = YES;
				CLANG_WARN_CONSTANT_CONVERSION = YES;
				CLANG_WARN_DEPRECATED_OBJC_IMPLEMENTATIONS = YES;
				CLANG_WARN_DIRECT_OBJC_ISA_USAGE = YES_ERROR;
				CLANG_WARN_DOCUMENTATION_COMMENTS = YES;
				CLANG_WARN_EMPTY_BODY = YES;
				CLANG_WARN_ENUM_CONVERSION = YES;
				CLANG_WARN_INFINITE_RECURSION = YES;
				CLANG_WARN_INT_CONVERSION = YES;
				CLANG_WARN_NON_LITERAL_NULL_CONVERSION = YES;
				CLANG_WARN_OBJC_IMPLICIT_RETAIN_SELF = YES;
				CLANG_WARN_OBJC_LITERAL_CONVERSION = YES;
				CLANG_WARN_OBJC_ROOT_CLASS = YES_ERROR;
				CLANG_WARN_QUOTED_INCLUDE_IN_FRAMEWORK_HEADER = YES;
				CLANG_WARN_RANGE_LOOP_ANALYSIS = YES;
				CLANG_WARN_STRICT_PROTOTYPES = YES;
				CLANG_WARN_SUSPICIOUS_MOVE = YES;
				CLANG_WARN_UNGUARDED_AVAILABILITY = YES_AGGRESSIVE;
				CLANG_WARN_UNREACHABLE_CODE = YES;
				CLANG_WARN__DUPLICATE_METHOD_MATCH = YES;
				COPY_PHASE_STRIP = NO;
				DEBUG_INFORMATION_FORMAT = "dwarf-with-dsym";
				ENABLE_NS_ASSERTIONS = NO;
				ENABLE_STRICT_OBJC_MSGSEND = YES;
				ENABLE_USER_SCRIPT_SANDBOXING = YES;
				GCC_C_LANGUAGE_STANDARD = gnu17;
				GCC_NO_COMMON_BLOCKS = YES;
				GCC_WARN_64_TO_32_BIT_CONVERSION = YES;
				GCC_WARN_ABOUT_RETURN_TYPE = YES_ERROR;
				GCC_WARN_UNDECLARED_SELECTOR = YES;
				GCC_WARN_UNINITIALIZED_AUTOS = YES_AGGRESSIVE;
				GCC_WARN_UNUSED_FUNCTION = YES;
				GCC_WARN_UNUSED_VARIABLE = YES;
				LOCALIZATION_PREFERS_STRING_CATALOGS = YES;
				MACOSX_DEPLOYMENT_TARGET = 15.5;
				MTL_ENABLE_DEBUG_INFO = NO;
				MTL_FAST_MATH = YES;
				SDKROOT = macosx;
			};
			name = Release;
		};
		59D03C7B2ECC1F7A00E40022 /* Debug */ = {
			isa = XCBuildConfiguration;
			buildSettings = {
				CODE_SIGN_STYLE = Automatic;
				PRODUCT_NAME = "$(TARGET_NAME)";
			};
			name = Debug;
		};
		59D03C7C2ECC1F7A00E40022 /* Release */ = {
			isa = XCBuildConfiguration;
			buildSettings = {
				CODE_SIGN_STYLE = Automatic;
				PRODUCT_NAME = "$(TARGET_NAME)";
			};
			name = Release;
		};
/* End XCBuildConfiguration section */

/* Begin XCConfigurationList section */
		59D03C6E2ECC1F7A00E40022 /* Build configuration list for PBXProject "elf_parser" */ = {
			isa = XCConfigurationList;
			buildConfigurations = (
				59D03C782ECC1F7A00E40022 /* Debug */,
				59D03C792ECC1F7A00E40022 /* Release */,
			);
			defaultConfigurationIsVisible = 0;
			defaultConfigurationName = Release;
		};
		59D03C7A2ECC1F7A00E40022 /* Build configuration list for PBXNativeTarget "elf_parser" */ = {
			isa = XCConfigurationList;
			buildConfigurations = (
				59D03C7B2ECC1F7A00E40022 /* Debug */,
				59D03C7C2ECC1F7A00E40022 /* Release */,
			);
			defaultConfigurationIsVisible = 0;
			defaultConfigurationName = Release;
		};
/* End XCConfigurationList section */
	};
	rootObject = 59D03C6B2ECC1F7A00E40022 /* Project object */;
}
